
Microsoft Visual Studio Solution File, Format Version 12.00
# Visual Studio Version 17
VisualStudioVersion = 17.13.35919.96 d17.13
MinimumVisualStudioVersion = 10.0.40219.1
Project("{FAE04EC0-301F-11D3-BF4B-00C04F79EFBC}") = "FirstWebApp", "FirstWebApp\FirstWebApp.csproj", "{7CB4DA50-4F73-4698-A2B1-0ED19ABC7831}"
EndProject
Project("{FAE04EC0-301F-11D3-BF4B-00C04F79EFBC}") = "RoutingApp", "RoutingApp\RoutingApp.csproj", "{AAC0D371-414B-4F84-9B2F-5C9AD682E025}"
EndProject
Project("{FAE04EC0-301F-11D3-BF4B-00C04F79EFBC}") = "Dependencylnjection", "Dependencylnjection\Dependencylnjection.csproj", "{DF8D24A6-A9F7-44B6-9D69-9E061CAFDB0D}"
EndProject
Global
	GlobalSection(SolutionConfigurationPlatforms) = preSolution
		Debug|Any CPU = Debug|Any CPU
		Release|Any CPU = Release|Any CPU
	EndGlobalSection
	GlobalSection(ProjectConfigurationPlatforms) = postSolution
		{7CB4DA50-4F73-4698-A2B1-0ED19ABC7831}.Debug|Any CPU.ActiveCfg = Debug|Any CPU
		{7CB4DA50-4F73-4698-A2B1-0ED19ABC7831}.Debug|Any CPU.Build.0 = Debug|Any CPU
		{7CB4DA50-4F73-4698-A2B1-0ED19ABC7831}.Release|Any CPU.ActiveCfg = Release|Any CPU
		{7CB4DA50-4F73-4698-A2B1-0ED19ABC7831}.Release|Any CPU.Build.0 = Release|Any CPU
		{AAC0D371-414B-4F84-9B2F-5C9AD682E025}.Debug|Any CPU.ActiveCfg = Debug|Any CPU
		{AAC0D371-414B-4F84-9B2F-5C9AD682E025}.Debug|Any CPU.Build.0 = Debug|Any CPU
		{AAC0D371-414B-4F84-9B2F-5C9AD682E025}.Release|Any CPU.ActiveCfg = Release|Any CPU
		{AAC0D371-414B-4F84-9B2F-5C9AD682E025}.Release|Any CPU.Build.0 = Release|Any CPU
		{DF8D24A6-A9F7-44B6-9D69-9E061CAFDB0D}.Debug|Any CPU.ActiveCfg = Debug|Any CPU
		{DF8D24A6-A9F7-44B6-9D69-9E061CAFDB0D}.Debug|Any CPU.Build.0 = Debug|Any CPU
		{DF8D24A6-A9F7-44B6-9D69-9E061CAFDB0D}.Release|Any CPU.ActiveCfg = Release|Any CPU
		{DF8D24A6-A9F7-44B6-9D69-9E061CAFDB0D}.Release|Any CPU.Build.0 = Release|Any CPU
	EndGlobalSection
	GlobalSection(SolutionProperties) = preSolution
		HideSolutionNode = FALSE
	EndGlobalSection
	GlobalSection(ExtensibilityGlobals) = postSolution
		SolutionGuid = {DA6560AA-6603-4938-9519-7720C443962D}
	EndGlobalSection
EndGlobal
