
Microsoft Visual Studio Solution File, Format Version 12.00
# Visual Studio Version 17
VisualStudioVersion = 17.13.35919.96
MinimumVisualStudioVersion = 10.0.40219.1
Project("{FAE04EC0-301F-11D3-BF4B-00C04F79EFBC}") = "HocRazor", "HocRazor\HocRazor.csproj", "{29412D40-C252-4427-9B5B-25E56C34EBAD}"
EndProject
Project("{FAE04EC0-301F-11D3-BF4B-00C04F79EFBC}") = "HocTagHelper", "HocTagHelper\HocTagHelper.csproj", "{04D70955-A889-469C-BDD7-A08DF409E56F}"
EndProject
Project("{FAE04EC0-301F-11D3-BF4B-00C04F79EFBC}") = "HocDataTransfer", "HocDataTransfer\HocDataTransfer.csproj", "{B1BD22B3-8CE1-49D9-B708-AF4292709837}"
EndProject
Project("{FAE04EC0-301F-11D3-BF4B-00C04F79EFBC}") = "HocValidation", "HocValidation\HocValidation.csproj", "{10EC6B30-DF14-4BAB-8C7C-57D24CE3028B}"
EndProject
Global
	GlobalSection(SolutionConfigurationPlatforms) = preSolution
		Debug|Any CPU = Debug|Any CPU
		Release|Any CPU = Release|Any CPU
	EndGlobalSection
	GlobalSection(ProjectConfigurationPlatforms) = postSolution
		{29412D40-C252-4427-9B5B-25E56C34EBAD}.Debug|Any CPU.ActiveCfg = Debug|Any CPU
		{29412D40-C252-4427-9B5B-25E56C34EBAD}.Debug|Any CPU.Build.0 = Debug|Any CPU
		{29412D40-C252-4427-9B5B-25E56C34EBAD}.Release|Any CPU.ActiveCfg = Release|Any CPU
		{29412D40-C252-4427-9B5B-25E56C34EBAD}.Release|Any CPU.Build.0 = Release|Any CPU
		{04D70955-A889-469C-BDD7-A08DF409E56F}.Debug|Any CPU.ActiveCfg = Debug|Any CPU
		{04D70955-A889-469C-BDD7-A08DF409E56F}.Debug|Any CPU.Build.0 = Debug|Any CPU
		{04D70955-A889-469C-BDD7-A08DF409E56F}.Release|Any CPU.ActiveCfg = Release|Any CPU
		{04D70955-A889-469C-BDD7-A08DF409E56F}.Release|Any CPU.Build.0 = Release|Any CPU
		{B1BD22B3-8CE1-49D9-B708-AF4292709837}.Debug|Any CPU.ActiveCfg = Debug|Any CPU
		{B1BD22B3-8CE1-49D9-B708-AF4292709837}.Debug|Any CPU.Build.0 = Debug|Any CPU
		{B1BD22B3-8CE1-49D9-B708-AF4292709837}.Release|Any CPU.ActiveCfg = Release|Any CPU
		{B1BD22B3-8CE1-49D9-B708-AF4292709837}.Release|Any CPU.Build.0 = Release|Any CPU
		{10EC6B30-DF14-4BAB-8C7C-57D24CE3028B}.Debug|Any CPU.ActiveCfg = Debug|Any CPU
		{10EC6B30-DF14-4BAB-8C7C-57D24CE3028B}.Debug|Any CPU.Build.0 = Debug|Any CPU
		{10EC6B30-DF14-4BAB-8C7C-57D24CE3028B}.Release|Any CPU.ActiveCfg = Release|Any CPU
		{10EC6B30-DF14-4BAB-8C7C-57D24CE3028B}.Release|Any CPU.Build.0 = Release|Any CPU
	EndGlobalSection
	GlobalSection(SolutionProperties) = preSolution
		HideSolutionNode = FALSE
	EndGlobalSection
	GlobalSection(ExtensibilityGlobals) = postSolution
		SolutionGuid = {0D1D3B49-2BA7-4569-98A3-5ABFC3C0AD36}
	EndGlobalSection
EndGlobal
