
Microsoft Visual Studio Solution File, Format Version 12.00
# Visual Studio Version 17
VisualStudioVersion = 17.13.35919.96 d17.13
MinimumVisualStudioVersion = 10.0.40219.1
Project("{FAE04EC0-301F-11D3-BF4B-00C04F79EFBC}") = "TranVanLam", "TranVanLam\TranVanLam.csproj", "{EC8BC3F1-4FCB-4066-A1F4-60FF68EC424F}"
EndProject
Global
	GlobalSection(SolutionConfigurationPlatforms) = preSolution
		Debug|Any CPU = Debug|Any CPU
		Release|Any CPU = Release|Any CPU
	EndGlobalSection
	GlobalSection(ProjectConfigurationPlatforms) = postSolution
		{EC8BC3F1-4FCB-4066-A1F4-60FF68EC424F}.Debug|Any CPU.ActiveCfg = Debug|Any CPU
		{EC8BC3F1-4FCB-4066-A1F4-60FF68EC424F}.Debug|Any CPU.Build.0 = Debug|Any CPU
		{EC8BC3F1-4FCB-4066-A1F4-60FF68EC424F}.Release|Any CPU.ActiveCfg = Release|Any CPU
		{EC8BC3F1-4FCB-4066-A1F4-60FF68EC424F}.Release|Any CPU.Build.0 = Release|Any CPU
	EndGlobalSection
	GlobalSection(SolutionProperties) = preSolution
		HideSolutionNode = FALSE
	EndGlobalSection
	GlobalSection(ExtensibilityGlobals) = postSolution
		SolutionGuid = {135213A1-2B32-4B03-86EA-96B747DA679A}
	EndGlobalSection
EndGlobal
