
Microsoft Visual Studio Solution File, Format Version 12.00
# Visual Studio Version 17
VisualStudioVersion = 17.13.35919.96 d17.13
MinimumVisualStudioVersion = 10.0.40219.1
Project("{FAE04EC0-301F-11D3-BF4B-00C04F79EFBC}") = "Lap1.5_Bai1", "Lap1.5_Bai1\Lap1.5_Bai1.csproj", "{40B340A4-0E75-4373-AFB0-649E2EA4C9A1}"
EndProject
Project("{FAE04EC0-301F-11D3-BF4B-00C04F79EFBC}") = "Lap1.5_Bai2", "Lap1.5_Bai2\Lap1.5_Bai2.csproj", "{6B4ECBAD-1B2E-4F2C-A5C7-54535E8DD291}"
EndProject
Global
	GlobalSection(SolutionConfigurationPlatforms) = preSolution
		Debug|Any CPU = Debug|Any CPU
		Release|Any CPU = Release|Any CPU
	EndGlobalSection
	GlobalSection(ProjectConfigurationPlatforms) = postSolution
		{40B340A4-0E75-4373-AFB0-649E2EA4C9A1}.Debug|Any CPU.ActiveCfg = Debug|Any CPU
		{40B340A4-0E75-4373-AFB0-649E2EA4C9A1}.Debug|Any CPU.Build.0 = Debug|Any CPU
		{40B340A4-0E75-4373-AFB0-649E2EA4C9A1}.Release|Any CPU.ActiveCfg = Release|Any CPU
		{40B340A4-0E75-4373-AFB0-649E2EA4C9A1}.Release|Any CPU.Build.0 = Release|Any CPU
		{6B4ECBAD-1B2E-4F2C-A5C7-54535E8DD291}.Debug|Any CPU.ActiveCfg = Debug|Any CPU
		{6B4ECBAD-1B2E-4F2C-A5C7-54535E8DD291}.Debug|Any CPU.Build.0 = Debug|Any CPU
		{6B4ECBAD-1B2E-4F2C-A5C7-54535E8DD291}.Release|Any CPU.ActiveCfg = Release|Any CPU
		{6B4ECBAD-1B2E-4F2C-A5C7-54535E8DD291}.Release|Any CPU.Build.0 = Release|Any CPU
	EndGlobalSection
	GlobalSection(SolutionProperties) = preSolution
		HideSolutionNode = FALSE
	EndGlobalSection
	GlobalSection(ExtensibilityGlobals) = postSolution
		SolutionGuid = {44F0D5B3-D5EF-4666-8658-E9B06DF6D46A}
	EndGlobalSection
EndGlobal
