
Microsoft Visual Studio Solution File, Format Version 12.00
# Visual Studio Version 17
VisualStudioVersion = 17.13.35919.96 d17.13
MinimumVisualStudioVersion = 10.0.40219.1
Project("{FAE04EC0-301F-11D3-BF4B-00C04F79EFBC}") = "Lap1.3_Bai1", "Lap1.3_Bai1\Lap1.3_Bai1.csproj", "{92BD9D5E-8AD1-468C-820A-E2587975BBB8}"
EndProject
Project("{FAE04EC0-301F-11D3-BF4B-00C04F79EFBC}") = "Lap1.3_Bài2", "Lap1.3_Bài2\Lap1.3_Bài2.csproj", "{B9BE7938-7E03-440A-B95D-264A26B78BE2}"
EndProject
Project("{FAE04EC0-301F-11D3-BF4B-00C04F79EFBC}") = "Lap1.3_Bài3", "Lap1.3_Bài3\Lap1.3_Bài3.csproj", "{BCC284CF-11D5-4F0E-B8FC-673E22575220}"
EndProject
Project("{FAE04EC0-301F-11D3-BF4B-00C04F79EFBC}") = "Lap1.3_Bai4", "Lap1.3_Bai4\Lap1.3_Bai4.csproj", "{2B7BD732-103E-439D-B58D-087493CA1DDE}"
EndProject
Project("{FAE04EC0-301F-11D3-BF4B-00C04F79EFBC}") = "Lap1.3_Bai5", "Lap1.3_Bai5\Lap1.3_Bai5.csproj", "{4346D1CD-C45E-4CB6-8D77-AD8A238F0358}"
EndProject
Project("{FAE04EC0-301F-11D3-BF4B-00C04F79EFBC}") = "Lap1.3_Bai6", "Lap1.3_Bai6\Lap1.3_Bai6.csproj", "{0A1935C1-E107-45BA-9A67-27BF1EC1B985}"
EndProject
Project("{FAE04EC0-301F-11D3-BF4B-00C04F79EFBC}") = "Lap1.3_Bai7", "Lap1.3_Bai7\Lap1.3_Bai7.csproj", "{FC335836-C3FB-4FD6-8914-701E1B46D9BC}"
EndProject
Project("{FAE04EC0-301F-11D3-BF4B-00C04F79EFBC}") = "Lap1.3_Bai8", "Lap1.3_Bai8\Lap1.3_Bai8.csproj", "{61CCFE33-EE5F-45BF-9E5A-9A01FECE60A0}"
EndProject
Project("{FAE04EC0-301F-11D3-BF4B-00C04F79EFBC}") = "Lap1.3_Bài9", "Lap1.3_Bài9\Lap1.3_Bài9.csproj", "{B3C08709-F084-4DC6-A658-02A40B40AE33}"
EndProject
Project("{FAE04EC0-301F-11D3-BF4B-00C04F79EFBC}") = "Lap1.3_Bài10", "Lap1.3_Bài10\Lap1.3_Bài10.csproj", "{8465F5D7-5644-470B-9A2C-F3BCAC869852}"
EndProject
Project("{FAE04EC0-301F-11D3-BF4B-00C04F79EFBC}") = "Lap1.3_Bài11", "Lap1.3_Bài11\Lap1.3_Bài11.csproj", "{A95AD280-F186-4C46-A712-23CBD4C29199}"
EndProject
Project("{FAE04EC0-301F-11D3-BF4B-00C04F79EFBC}") = "Lap1.3_Bài12", "Lap1.3_Bài12\Lap1.3_Bài12.csproj", "{B47FBC8A-1532-49E0-93EB-DF58BA2F2B69}"
EndProject
Project("{FAE04EC0-301F-11D3-BF4B-00C04F79EFBC}") = "Lap1.3_Bài13", "Lap1.3_Bài13\Lap1.3_Bài13.csproj", "{D63A2101-0E48-4CBF-857B-9427E3BE4D45}"
EndProject
Project("{FAE04EC0-301F-11D3-BF4B-00C04F79EFBC}") = "Lap1.3_Bài14", "Lap1.3_Bài14\Lap1.3_Bài14.csproj", "{BFB355D2-BFCB-40ED-A857-9B7DF5895702}"
EndProject
Project("{FAE04EC0-301F-11D3-BF4B-00C04F79EFBC}") = "Lap1.3_Bài15", "Lap1.3_Bài15\Lap1.3_Bài15.csproj", "{9DF417A4-0D3C-429D-8F5B-2BF93283D354}"
EndProject
Project("{FAE04EC0-301F-11D3-BF4B-00C04F79EFBC}") = "Lap1.3_Bài16", "Lap1.3_Bài16\Lap1.3_Bài16.csproj", "{D388906D-D998-4094-915C-FFF45AA01BC7}"
EndProject
Project("{FAE04EC0-301F-11D3-BF4B-00C04F79EFBC}") = "Lap1.3_Bài17", "Lap1.3_Bài17\Lap1.3_Bài17.csproj", "{FC15A5DD-021B-4C4A-820A-799D4521404F}"
EndProject
Project("{FAE04EC0-301F-11D3-BF4B-00C04F79EFBC}") = "Lap1.3_Bài18", "Lap1.3_Bài18\Lap1.3_Bài18.csproj", "{B2E73E87-F754-469E-8405-C0E766528616}"
EndProject
Project("{FAE04EC0-301F-11D3-BF4B-00C04F79EFBC}") = "Lap1.3_Bài19", "Lap1.3_Bài19\Lap1.3_Bài19.csproj", "{7E165D6F-21A2-4587-8047-015BF6776E09}"
EndProject
Project("{FAE04EC0-301F-11D3-BF4B-00C04F79EFBC}") = "Lap1.3_Bài20", "Lap1.3_Bài20\Lap1.3_Bài20.csproj", "{35035FE4-EC85-4F26-900E-D19405BB0347}"
EndProject
Project("{FAE04EC0-301F-11D3-BF4B-00C04F79EFBC}") = "Lap1.3_Bài21", "Lap1.3_Bài21\Lap1.3_Bài21.csproj", "{DE1450B2-D0CC-4156-8523-C77E424C2E44}"
EndProject
Project("{FAE04EC0-301F-11D3-BF4B-00C04F79EFBC}") = "Lap1.3_Bài22", "Lap1.3_Bài22\Lap1.3_Bài22.csproj", "{9F0CE398-B254-47B3-ADBF-052727356E82}"
EndProject
Global
	GlobalSection(SolutionConfigurationPlatforms) = preSolution
		Debug|Any CPU = Debug|Any CPU
		Release|Any CPU = Release|Any CPU
	EndGlobalSection
	GlobalSection(ProjectConfigurationPlatforms) = postSolution
		{92BD9D5E-8AD1-468C-820A-E2587975BBB8}.Debug|Any CPU.ActiveCfg = Debug|Any CPU
		{92BD9D5E-8AD1-468C-820A-E2587975BBB8}.Debug|Any CPU.Build.0 = Debug|Any CPU
		{92BD9D5E-8AD1-468C-820A-E2587975BBB8}.Release|Any CPU.ActiveCfg = Release|Any CPU
		{92BD9D5E-8AD1-468C-820A-E2587975BBB8}.Release|Any CPU.Build.0 = Release|Any CPU
		{B9BE7938-7E03-440A-B95D-264A26B78BE2}.Debug|Any CPU.ActiveCfg = Debug|Any CPU
		{B9BE7938-7E03-440A-B95D-264A26B78BE2}.Debug|Any CPU.Build.0 = Debug|Any CPU
		{B9BE7938-7E03-440A-B95D-264A26B78BE2}.Release|Any CPU.ActiveCfg = Release|Any CPU
		{B9BE7938-7E03-440A-B95D-264A26B78BE2}.Release|Any CPU.Build.0 = Release|Any CPU
		{BCC284CF-11D5-4F0E-B8FC-673E22575220}.Debug|Any CPU.ActiveCfg = Debug|Any CPU
		{BCC284CF-11D5-4F0E-B8FC-673E22575220}.Debug|Any CPU.Build.0 = Debug|Any CPU
		{BCC284CF-11D5-4F0E-B8FC-673E22575220}.Release|Any CPU.ActiveCfg = Release|Any CPU
		{BCC284CF-11D5-4F0E-B8FC-673E22575220}.Release|Any CPU.Build.0 = Release|Any CPU
		{2B7BD732-103E-439D-B58D-087493CA1DDE}.Debug|Any CPU.ActiveCfg = Debug|Any CPU
		{2B7BD732-103E-439D-B58D-087493CA1DDE}.Debug|Any CPU.Build.0 = Debug|Any CPU
		{2B7BD732-103E-439D-B58D-087493CA1DDE}.Release|Any CPU.ActiveCfg = Release|Any CPU
		{2B7BD732-103E-439D-B58D-087493CA1DDE}.Release|Any CPU.Build.0 = Release|Any CPU
		{4346D1CD-C45E-4CB6-8D77-AD8A238F0358}.Debug|Any CPU.ActiveCfg = Debug|Any CPU
		{4346D1CD-C45E-4CB6-8D77-AD8A238F0358}.Debug|Any CPU.Build.0 = Debug|Any CPU
		{4346D1CD-C45E-4CB6-8D77-AD8A238F0358}.Release|Any CPU.ActiveCfg = Release|Any CPU
		{4346D1CD-C45E-4CB6-8D77-AD8A238F0358}.Release|Any CPU.Build.0 = Release|Any CPU
		{0A1935C1-E107-45BA-9A67-27BF1EC1B985}.Debug|Any CPU.ActiveCfg = Debug|Any CPU
		{0A1935C1-E107-45BA-9A67-27BF1EC1B985}.Debug|Any CPU.Build.0 = Debug|Any CPU
		{0A1935C1-E107-45BA-9A67-27BF1EC1B985}.Release|Any CPU.ActiveCfg = Release|Any CPU
		{0A1935C1-E107-45BA-9A67-27BF1EC1B985}.Release|Any CPU.Build.0 = Release|Any CPU
		{FC335836-C3FB-4FD6-8914-701E1B46D9BC}.Debug|Any CPU.ActiveCfg = Debug|Any CPU
		{FC335836-C3FB-4FD6-8914-701E1B46D9BC}.Debug|Any CPU.Build.0 = Debug|Any CPU
		{FC335836-C3FB-4FD6-8914-701E1B46D9BC}.Release|Any CPU.ActiveCfg = Release|Any CPU
		{FC335836-C3FB-4FD6-8914-701E1B46D9BC}.Release|Any CPU.Build.0 = Release|Any CPU
		{61CCFE33-EE5F-45BF-9E5A-9A01FECE60A0}.Debug|Any CPU.ActiveCfg = Debug|Any CPU
		{61CCFE33-EE5F-45BF-9E5A-9A01FECE60A0}.Debug|Any CPU.Build.0 = Debug|Any CPU
		{61CCFE33-EE5F-45BF-9E5A-9A01FECE60A0}.Release|Any CPU.ActiveCfg = Release|Any CPU
		{61CCFE33-EE5F-45BF-9E5A-9A01FECE60A0}.Release|Any CPU.Build.0 = Release|Any CPU
		{B3C08709-F084-4DC6-A658-02A40B40AE33}.Debug|Any CPU.ActiveCfg = Debug|Any CPU
		{B3C08709-F084-4DC6-A658-02A40B40AE33}.Debug|Any CPU.Build.0 = Debug|Any CPU
		{B3C08709-F084-4DC6-A658-02A40B40AE33}.Release|Any CPU.ActiveCfg = Release|Any CPU
		{B3C08709-F084-4DC6-A658-02A40B40AE33}.Release|Any CPU.Build.0 = Release|Any CPU
		{8465F5D7-5644-470B-9A2C-F3BCAC869852}.Debug|Any CPU.ActiveCfg = Debug|Any CPU
		{8465F5D7-5644-470B-9A2C-F3BCAC869852}.Debug|Any CPU.Build.0 = Debug|Any CPU
		{8465F5D7-5644-470B-9A2C-F3BCAC869852}.Release|Any CPU.ActiveCfg = Release|Any CPU
		{8465F5D7-5644-470B-9A2C-F3BCAC869852}.Release|Any CPU.Build.0 = Release|Any CPU
		{A95AD280-F186-4C46-A712-23CBD4C29199}.Debug|Any CPU.ActiveCfg = Debug|Any CPU
		{A95AD280-F186-4C46-A712-23CBD4C29199}.Debug|Any CPU.Build.0 = Debug|Any CPU
		{A95AD280-F186-4C46-A712-23CBD4C29199}.Release|Any CPU.ActiveCfg = Release|Any CPU
		{A95AD280-F186-4C46-A712-23CBD4C29199}.Release|Any CPU.Build.0 = Release|Any CPU
		{B47FBC8A-1532-49E0-93EB-DF58BA2F2B69}.Debug|Any CPU.ActiveCfg = Debug|Any CPU
		{B47FBC8A-1532-49E0-93EB-DF58BA2F2B69}.Debug|Any CPU.Build.0 = Debug|Any CPU
		{B47FBC8A-1532-49E0-93EB-DF58BA2F2B69}.Release|Any CPU.ActiveCfg = Release|Any CPU
		{B47FBC8A-1532-49E0-93EB-DF58BA2F2B69}.Release|Any CPU.Build.0 = Release|Any CPU
		{D63A2101-0E48-4CBF-857B-9427E3BE4D45}.Debug|Any CPU.ActiveCfg = Debug|Any CPU
		{D63A2101-0E48-4CBF-857B-9427E3BE4D45}.Debug|Any CPU.Build.0 = Debug|Any CPU
		{D63A2101-0E48-4CBF-857B-9427E3BE4D45}.Release|Any CPU.ActiveCfg = Release|Any CPU
		{D63A2101-0E48-4CBF-857B-9427E3BE4D45}.Release|Any CPU.Build.0 = Release|Any CPU
		{BFB355D2-BFCB-40ED-A857-9B7DF5895702}.Debug|Any CPU.ActiveCfg = Debug|Any CPU
		{BFB355D2-BFCB-40ED-A857-9B7DF5895702}.Debug|Any CPU.Build.0 = Debug|Any CPU
		{BFB355D2-BFCB-40ED-A857-9B7DF5895702}.Release|Any CPU.ActiveCfg = Release|Any CPU
		{BFB355D2-BFCB-40ED-A857-9B7DF5895702}.Release|Any CPU.Build.0 = Release|Any CPU
		{9DF417A4-0D3C-429D-8F5B-2BF93283D354}.Debug|Any CPU.ActiveCfg = Debug|Any CPU
		{9DF417A4-0D3C-429D-8F5B-2BF93283D354}.Debug|Any CPU.Build.0 = Debug|Any CPU
		{9DF417A4-0D3C-429D-8F5B-2BF93283D354}.Release|Any CPU.ActiveCfg = Release|Any CPU
		{9DF417A4-0D3C-429D-8F5B-2BF93283D354}.Release|Any CPU.Build.0 = Release|Any CPU
		{D388906D-D998-4094-915C-FFF45AA01BC7}.Debug|Any CPU.ActiveCfg = Debug|Any CPU
		{D388906D-D998-4094-915C-FFF45AA01BC7}.Debug|Any CPU.Build.0 = Debug|Any CPU
		{D388906D-D998-4094-915C-FFF45AA01BC7}.Release|Any CPU.ActiveCfg = Release|Any CPU
		{D388906D-D998-4094-915C-FFF45AA01BC7}.Release|Any CPU.Build.0 = Release|Any CPU
		{FC15A5DD-021B-4C4A-820A-799D4521404F}.Debug|Any CPU.ActiveCfg = Debug|Any CPU
		{FC15A5DD-021B-4C4A-820A-799D4521404F}.Debug|Any CPU.Build.0 = Debug|Any CPU
		{FC15A5DD-021B-4C4A-820A-799D4521404F}.Release|Any CPU.ActiveCfg = Release|Any CPU
		{FC15A5DD-021B-4C4A-820A-799D4521404F}.Release|Any CPU.Build.0 = Release|Any CPU
		{B2E73E87-F754-469E-8405-C0E766528616}.Debug|Any CPU.ActiveCfg = Debug|Any CPU
		{B2E73E87-F754-469E-8405-C0E766528616}.Debug|Any CPU.Build.0 = Debug|Any CPU
		{B2E73E87-F754-469E-8405-C0E766528616}.Release|Any CPU.ActiveCfg = Release|Any CPU
		{B2E73E87-F754-469E-8405-C0E766528616}.Release|Any CPU.Build.0 = Release|Any CPU
		{7E165D6F-21A2-4587-8047-015BF6776E09}.Debug|Any CPU.ActiveCfg = Debug|Any CPU
		{7E165D6F-21A2-4587-8047-015BF6776E09}.Debug|Any CPU.Build.0 = Debug|Any CPU
		{7E165D6F-21A2-4587-8047-015BF6776E09}.Release|Any CPU.ActiveCfg = Release|Any CPU
		{7E165D6F-21A2-4587-8047-015BF6776E09}.Release|Any CPU.Build.0 = Release|Any CPU
		{35035FE4-EC85-4F26-900E-D19405BB0347}.Debug|Any CPU.ActiveCfg = Debug|Any CPU
		{35035FE4-EC85-4F26-900E-D19405BB0347}.Debug|Any CPU.Build.0 = Debug|Any CPU
		{35035FE4-EC85-4F26-900E-D19405BB0347}.Release|Any CPU.ActiveCfg = Release|Any CPU
		{35035FE4-EC85-4F26-900E-D19405BB0347}.Release|Any CPU.Build.0 = Release|Any CPU
		{DE1450B2-D0CC-4156-8523-C77E424C2E44}.Debug|Any CPU.ActiveCfg = Debug|Any CPU
		{DE1450B2-D0CC-4156-8523-C77E424C2E44}.Debug|Any CPU.Build.0 = Debug|Any CPU
		{DE1450B2-D0CC-4156-8523-C77E424C2E44}.Release|Any CPU.ActiveCfg = Release|Any CPU
		{DE1450B2-D0CC-4156-8523-C77E424C2E44}.Release|Any CPU.Build.0 = Release|Any CPU
		{9F0CE398-B254-47B3-ADBF-052727356E82}.Debug|Any CPU.ActiveCfg = Debug|Any CPU
		{9F0CE398-B254-47B3-ADBF-052727356E82}.Debug|Any CPU.Build.0 = Debug|Any CPU
		{9F0CE398-B254-47B3-ADBF-052727356E82}.Release|Any CPU.ActiveCfg = Release|Any CPU
		{9F0CE398-B254-47B3-ADBF-052727356E82}.Release|Any CPU.Build.0 = Release|Any CPU
	EndGlobalSection
	GlobalSection(SolutionProperties) = preSolution
		HideSolutionNode = FALSE
	EndGlobalSection
	GlobalSection(ExtensibilityGlobals) = postSolution
		SolutionGuid = {A7F5DAE6-E8AA-4A55-A120-5635F970DE87}
	EndGlobalSection
EndGlobal
